
Microsoft Visual Studio Solution File, Format Version 12.00
# Visual Studio Version 16
VisualStudioVersion = 16.0.30011.22
MinimumVisualStudioVersion = 10.0.40219.1
Project("{FAE04EC0-301F-11D3-BF4B-00C04F79EFBC}") = "KhaltiSDK.Android", "KhaltiSDK\KhaltiSDK.Android\KhaltiSDK.Android.csproj", "{8B56B747-5FC5-4F6E-B9EB-7B6D63BED207}"
EndProject
Project("{FAE04EC0-301F-11D3-BF4B-00C04F79EFBC}") = "KhaltiSDK.iOS", "KhaltiSDK\KhaltiSDK.iOS\KhaltiSDK.iOS.csproj", "{1ED1AAEB-B442-452B-AC1B-1D73A48E044F}"
EndProject
Project("{FAE04EC0-301F-11D3-BF4B-00C04F79EFBC}") = "KhaltiSDK", "KhaltiSDK\KhaltiSDK\KhaltiSDK.csproj", "{41CFE8F4-10F9-4245-A715-1BA8B11A2811}"
EndProject
Global
	GlobalSection(SolutionConfigurationPlatforms) = preSolution
		Debug|Any CPU = Debug|Any CPU
		Debug|iPhone = Debug|iPhone
		Debug|iPhoneSimulator = Debug|iPhoneSimulator
		Release|Any CPU = Release|Any CPU
		Release|iPhone = Release|iPhone
		Release|iPhoneSimulator = Release|iPhoneSimulator
	EndGlobalSection
	GlobalSection(ProjectConfigurationPlatforms) = postSolution
		{8B56B747-5FC5-4F6E-B9EB-7B6D63BED207}.Debug|Any CPU.ActiveCfg = Debug|Any CPU
		{8B56B747-5FC5-4F6E-B9EB-7B6D63BED207}.Debug|Any CPU.Build.0 = Debug|Any CPU
		{8B56B747-5FC5-4F6E-B9EB-7B6D63BED207}.Debug|Any CPU.Deploy.0 = Debug|Any CPU
		{8B56B747-5FC5-4F6E-B9EB-7B6D63BED207}.Debug|iPhone.ActiveCfg = Debug|Any CPU
		{8B56B747-5FC5-4F6E-B9EB-7B6D63BED207}.Debug|iPhone.Build.0 = Debug|Any CPU
		{8B56B747-5FC5-4F6E-B9EB-7B6D63BED207}.Debug|iPhone.Deploy.0 = Debug|Any CPU
		{8B56B747-5FC5-4F6E-B9EB-7B6D63BED207}.Debug|iPhoneSimulator.ActiveCfg = Debug|Any CPU
		{8B56B747-5FC5-4F6E-B9EB-7B6D63BED207}.Debug|iPhoneSimulator.Build.0 = Debug|Any CPU
		{8B56B747-5FC5-4F6E-B9EB-7B6D63BED207}.Debug|iPhoneSimulator.Deploy.0 = Debug|Any CPU
		{8B56B747-5FC5-4F6E-B9EB-7B6D63BED207}.Release|Any CPU.ActiveCfg = Release|Any CPU
		{8B56B747-5FC5-4F6E-B9EB-7B6D63BED207}.Release|Any CPU.Build.0 = Release|Any CPU
		{8B56B747-5FC5-4F6E-B9EB-7B6D63BED207}.Release|Any CPU.Deploy.0 = Release|Any CPU
		{8B56B747-5FC5-4F6E-B9EB-7B6D63BED207}.Release|iPhone.ActiveCfg = Release|Any CPU
		{8B56B747-5FC5-4F6E-B9EB-7B6D63BED207}.Release|iPhone.Build.0 = Release|Any CPU
		{8B56B747-5FC5-4F6E-B9EB-7B6D63BED207}.Release|iPhone.Deploy.0 = Release|Any CPU
		{8B56B747-5FC5-4F6E-B9EB-7B6D63BED207}.Release|iPhoneSimulator.ActiveCfg = Release|Any CPU
		{8B56B747-5FC5-4F6E-B9EB-7B6D63BED207}.Release|iPhoneSimulator.Build.0 = Release|Any CPU
		{8B56B747-5FC5-4F6E-B9EB-7B6D63BED207}.Release|iPhoneSimulator.Deploy.0 = Release|Any CPU
		{1ED1AAEB-B442-452B-AC1B-1D73A48E044F}.Debug|Any CPU.ActiveCfg = Debug|iPhone
		{1ED1AAEB-B442-452B-AC1B-1D73A48E044F}.Debug|Any CPU.Build.0 = Debug|iPhone
		{1ED1AAEB-B442-452B-AC1B-1D73A48E044F}.Debug|Any CPU.Deploy.0 = Debug|iPhone
		{1ED1AAEB-B442-452B-AC1B-1D73A48E044F}.Debug|iPhone.ActiveCfg = Debug|iPhone
		{1ED1AAEB-B442-452B-AC1B-1D73A48E044F}.Debug|iPhone.Build.0 = Debug|iPhone
		{1ED1AAEB-B442-452B-AC1B-1D73A48E044F}.Debug|iPhone.Deploy.0 = Debug|iPhone
		{1ED1AAEB-B442-452B-AC1B-1D73A48E044F}.Debug|iPhoneSimulator.ActiveCfg = Debug|iPhoneSimulator
		{1ED1AAEB-B442-452B-AC1B-1D73A48E044F}.Debug|iPhoneSimulator.Build.0 = Debug|iPhoneSimulator
		{1ED1AAEB-B442-452B-AC1B-1D73A48E044F}.Debug|iPhoneSimulator.Deploy.0 = Debug|iPhoneSimulator
		{1ED1AAEB-B442-452B-AC1B-1D73A48E044F}.Release|Any CPU.ActiveCfg = Release|iPhone
		{1ED1AAEB-B442-452B-AC1B-1D73A48E044F}.Release|Any CPU.Build.0 = Release|iPhone
		{1ED1AAEB-B442-452B-AC1B-1D73A48E044F}.Release|Any CPU.Deploy.0 = Release|iPhone
		{1ED1AAEB-B442-452B-AC1B-1D73A48E044F}.Release|iPhone.ActiveCfg = Release|iPhone
		{1ED1AAEB-B442-452B-AC1B-1D73A48E044F}.Release|iPhone.Build.0 = Release|iPhone
		{1ED1AAEB-B442-452B-AC1B-1D73A48E044F}.Release|iPhone.Deploy.0 = Release|iPhone
		{1ED1AAEB-B442-452B-AC1B-1D73A48E044F}.Release|iPhoneSimulator.ActiveCfg = Release|iPhoneSimulator
		{1ED1AAEB-B442-452B-AC1B-1D73A48E044F}.Release|iPhoneSimulator.Build.0 = Release|iPhoneSimulator
		{1ED1AAEB-B442-452B-AC1B-1D73A48E044F}.Release|iPhoneSimulator.Deploy.0 = Release|iPhoneSimulator
		{41CFE8F4-10F9-4245-A715-1BA8B11A2811}.Debug|Any CPU.ActiveCfg = Debug|Any CPU
		{41CFE8F4-10F9-4245-A715-1BA8B11A2811}.Debug|Any CPU.Build.0 = Debug|Any CPU
		{41CFE8F4-10F9-4245-A715-1BA8B11A2811}.Debug|Any CPU.Deploy.0 = Debug|Any CPU
		{41CFE8F4-10F9-4245-A715-1BA8B11A2811}.Debug|iPhone.ActiveCfg = Debug|Any CPU
		{41CFE8F4-10F9-4245-A715-1BA8B11A2811}.Debug|iPhone.Build.0 = Debug|Any CPU
		{41CFE8F4-10F9-4245-A715-1BA8B11A2811}.Debug|iPhone.Deploy.0 = Debug|Any CPU
		{41CFE8F4-10F9-4245-A715-1BA8B11A2811}.Debug|iPhoneSimulator.ActiveCfg = Debug|Any CPU
		{41CFE8F4-10F9-4245-A715-1BA8B11A2811}.Debug|iPhoneSimulator.Build.0 = Debug|Any CPU
		{41CFE8F4-10F9-4245-A715-1BA8B11A2811}.Debug|iPhoneSimulator.Deploy.0 = Debug|Any CPU
		{41CFE8F4-10F9-4245-A715-1BA8B11A2811}.Release|Any CPU.ActiveCfg = Release|Any CPU
		{41CFE8F4-10F9-4245-A715-1BA8B11A2811}.Release|Any CPU.Build.0 = Release|Any CPU
		{41CFE8F4-10F9-4245-A715-1BA8B11A2811}.Release|Any CPU.Deploy.0 = Release|Any CPU
		{41CFE8F4-10F9-4245-A715-1BA8B11A2811}.Release|iPhone.ActiveCfg = Release|Any CPU
		{41CFE8F4-10F9-4245-A715-1BA8B11A2811}.Release|iPhone.Build.0 = Release|Any CPU
		{41CFE8F4-10F9-4245-A715-1BA8B11A2811}.Release|iPhone.Deploy.0 = Release|Any CPU
		{41CFE8F4-10F9-4245-A715-1BA8B11A2811}.Release|iPhoneSimulator.ActiveCfg = Release|Any CPU
		{41CFE8F4-10F9-4245-A715-1BA8B11A2811}.Release|iPhoneSimulator.Build.0 = Release|Any CPU
		{41CFE8F4-10F9-4245-A715-1BA8B11A2811}.Release|iPhoneSimulator.Deploy.0 = Release|Any CPU
	EndGlobalSection
	GlobalSection(SolutionProperties) = preSolution
		HideSolutionNode = FALSE
	EndGlobalSection
	GlobalSection(ExtensibilityGlobals) = postSolution
		SolutionGuid = {9E369D9E-05EA-48DA-AF92-029B96B24EFA}
	EndGlobalSection
EndGlobal
