
Microsoft Visual Studio Solution File, Format Version 12.00
# Visual Studio Version 16
VisualStudioVersion = 16.0.30011.22
MinimumVisualStudioVersion = 10.0.40219.1
Project("{FAE04EC0-301F-11D3-BF4B-00C04F79EFBC}") = "converter-gson", "converter-gson\converter-gson.csproj", "{B07F6CCC-2E9F-4ED1-94C0-2110605927EB}"
EndProject
Global
	GlobalSection(SolutionConfigurationPlatforms) = preSolution
		Debug|Any CPU = Debug|Any CPU
		Release|Any CPU = Release|Any CPU
	EndGlobalSection
	GlobalSection(ProjectConfigurationPlatforms) = postSolution
		{B07F6CCC-2E9F-4ED1-94C0-2110605927EB}.Debug|Any CPU.ActiveCfg = Debug|Any CPU
		{B07F6CCC-2E9F-4ED1-94C0-2110605927EB}.Debug|Any CPU.Build.0 = Debug|Any CPU
		{B07F6CCC-2E9F-4ED1-94C0-2110605927EB}.Release|Any CPU.ActiveCfg = Release|Any CPU
		{B07F6CCC-2E9F-4ED1-94C0-2110605927EB}.Release|Any CPU.Build.0 = Release|Any CPU
	EndGlobalSection
	GlobalSection(SolutionProperties) = preSolution
		HideSolutionNode = FALSE
	EndGlobalSection
	GlobalSection(ExtensibilityGlobals) = postSolution
		SolutionGuid = {FF1A0A7F-A679-49DA-9524-D13446D79B2A}
	EndGlobalSection
EndGlobal
